
Microsoft Visual Studio Solution File, Format Version 12.00
# Visual Studio Version 17
VisualStudioVersion = 17.13.35931.197 d17.13
MinimumVisualStudioVersion = 10.0.40219.1
Project("{FAE04EC0-301F-11D3-BF4B-00C04F79EFBC}") = "BotanistUseSoilPourer\Mono", "BotanistUseSoilPourer_Mono.csproj", "{7CD3A23C-A778-4CDF-9CC2-76FD86070651}"
EndProject
Global
	GlobalSection(SolutionConfigurationPlatforms) = preSolution
		Debug|Any CPU = Debug|Any CPU
		Release|Any CPU = Release|Any CPU
	EndGlobalSection
	GlobalSection(ProjectConfigurationPlatforms) = postSolution
		{7CD3A23C-A778-4CDF-9CC2-76FD86070651}.Debug|Any CPU.ActiveCfg = Debug|Any CPU
		{7CD3A23C-A778-4CDF-9CC2-76FD86070651}.Debug|Any CPU.Build.0 = Debug|Any CPU
		{7CD3A23C-A778-4CDF-9CC2-76FD86070651}.Release|Any CPU.ActiveCfg = Release|Any CPU
		{7CD3A23C-A778-4CDF-9CC2-76FD86070651}.Release|Any CPU.Build.0 = Release|Any CPU
	EndGlobalSection
	GlobalSection(SolutionProperties) = preSolution
		HideSolutionNode = FALSE
	EndGlobalSection
	GlobalSection(ExtensibilityGlobals) = postSolution
		SolutionGuid = {4D20B724-44F9-4063-B3E9-C5A55862F0E7}
	EndGlobalSection
EndGlobal
